
Microsoft Visual Studio Solution File, Format Version 12.00
# Visual Studio Version 17
VisualStudioVersion = 17.5.33414.496
MinimumVisualStudioVersion = 10.0.40219.1
Project("{FAE04EC0-301F-11D3-BF4B-00C04F79EFBC}") = "DataAccess", "DataAccess\DataAccess.csproj", "{C75586E5-662D-4DD0-B33A-E85E5D116896}"
EndProject
Project("{FAE04EC0-301F-11D3-BF4B-00C04F79EFBC}") = "Domain", "Domain\Domain.csproj", "{6236F05E-C63A-40F4-A209-82BAB6FC0604}"
EndProject
Project("{FAE04EC0-301F-11D3-BF4B-00C04F79EFBC}") = "Service", "Service\Service.csproj", "{D17CC4D7-DFBD-4B26-BEAC-F1BDB41D803D}"
EndProject
Project("{FAE04EC0-301F-11D3-BF4B-00C04F79EFBC}") = "WebApp", "WebApp\WebApp.csproj", "{1912169D-DE04-40DB-9297-AC55539C5234}"
EndProject
Global
	GlobalSection(SolutionConfigurationPlatforms) = preSolution
		Debug|Any CPU = Debug|Any CPU
		Release|Any CPU = Release|Any CPU
	EndGlobalSection
	GlobalSection(ProjectConfigurationPlatforms) = postSolution
		{C75586E5-662D-4DD0-B33A-E85E5D116896}.Debug|Any CPU.ActiveCfg = Debug|Any CPU
		{C75586E5-662D-4DD0-B33A-E85E5D116896}.Debug|Any CPU.Build.0 = Debug|Any CPU
		{C75586E5-662D-4DD0-B33A-E85E5D116896}.Release|Any CPU.ActiveCfg = Release|Any CPU
		{C75586E5-662D-4DD0-B33A-E85E5D116896}.Release|Any CPU.Build.0 = Release|Any CPU
		{6236F05E-C63A-40F4-A209-82BAB6FC0604}.Debug|Any CPU.ActiveCfg = Debug|Any CPU
		{6236F05E-C63A-40F4-A209-82BAB6FC0604}.Debug|Any CPU.Build.0 = Debug|Any CPU
		{6236F05E-C63A-40F4-A209-82BAB6FC0604}.Release|Any CPU.ActiveCfg = Release|Any CPU
		{6236F05E-C63A-40F4-A209-82BAB6FC0604}.Release|Any CPU.Build.0 = Release|Any CPU
		{D17CC4D7-DFBD-4B26-BEAC-F1BDB41D803D}.Debug|Any CPU.ActiveCfg = Debug|Any CPU
		{D17CC4D7-DFBD-4B26-BEAC-F1BDB41D803D}.Debug|Any CPU.Build.0 = Debug|Any CPU
		{D17CC4D7-DFBD-4B26-BEAC-F1BDB41D803D}.Release|Any CPU.ActiveCfg = Release|Any CPU
		{D17CC4D7-DFBD-4B26-BEAC-F1BDB41D803D}.Release|Any CPU.Build.0 = Release|Any CPU
		{1912169D-DE04-40DB-9297-AC55539C5234}.Debug|Any CPU.ActiveCfg = Debug|Any CPU
		{1912169D-DE04-40DB-9297-AC55539C5234}.Debug|Any CPU.Build.0 = Debug|Any CPU
		{1912169D-DE04-40DB-9297-AC55539C5234}.Release|Any CPU.ActiveCfg = Release|Any CPU
		{1912169D-DE04-40DB-9297-AC55539C5234}.Release|Any CPU.Build.0 = Release|Any CPU
	EndGlobalSection
	GlobalSection(SolutionProperties) = preSolution
		HideSolutionNode = FALSE
	EndGlobalSection
	GlobalSection(ExtensibilityGlobals) = postSolution
		SolutionGuid = {FD7395C8-02B3-42B0-899C-A53C3C546DB8}
	EndGlobalSection
EndGlobal
